{
  "requires": true,
  "lockfileVersion": 1,
  "dependencies": {
    "fullpage": {
      "version": "1.5.1",
      "resolved": "https://registry.npmjs.org/fullpage/-/fullpage-1.5.1.tgz",
      "integrity": "sha512-Oqn2fWx8z85EH+fHEJbXDsXYrPFxlEzT/02wPW0AqqUshQZU/e5ht5n/zm5ajdi3I233ovBycnQ9PcEsfPI45w=="
    },
    "fullpage.js": {
      "version": "3.0.8",
      "resolved": "https://registry.npmjs.org/fullpage.js/-/fullpage.js-3.0.8.tgz",
      "integrity": "sha512-r4B/MNuxylgzSlY+w4klD0lYYlmzEy7doDvurupAuO1ObKBgu9EB5GPuoeJTP7t/njFlzAM/Wu/I+FL3WvudCw=="
    }
  }
}
